
Microsoft Visual Studio Solution File, Format Version 12.00
# Visual Studio Version 17
VisualStudioVersion = 17.14.36301.6 d17.14
MinimumVisualStudioVersion = 10.0.40219.1
Project("{FAE04EC0-301F-11D3-BF4B-00C04F79EFBC}") = "quizTool", "quizTool.csproj", "{907E952B-8EB2-4861-8920-E2D4892FF3C0}"
EndProject
Global
	GlobalSection(SolutionConfigurationPlatforms) = preSolution
		Debug|Any CPU = Debug|Any CPU
		Release|Any CPU = Release|Any CPU
	EndGlobalSection
	GlobalSection(ProjectConfigurationPlatforms) = postSolution
		{907E952B-8EB2-4861-8920-E2D4892FF3C0}.Debug|Any CPU.ActiveCfg = Debug|Any CPU
		{907E952B-8EB2-4861-8920-E2D4892FF3C0}.Debug|Any CPU.Build.0 = Debug|Any CPU
		{907E952B-8EB2-4861-8920-E2D4892FF3C0}.Release|Any CPU.ActiveCfg = Release|Any CPU
		{907E952B-8EB2-4861-8920-E2D4892FF3C0}.Release|Any CPU.Build.0 = Release|Any CPU
	EndGlobalSection
	GlobalSection(SolutionProperties) = preSolution
		HideSolutionNode = FALSE
	EndGlobalSection
	GlobalSection(ExtensibilityGlobals) = postSolution
		SolutionGuid = {2F52B50D-1DF3-4F97-85F1-954AA78B4881}
	EndGlobalSection
EndGlobal
